
Microsoft Visual Studio Solution File, Format Version 12.00
# Visual Studio Version 16
VisualStudioVersion = 16.0.30717.126
MinimumVisualStudioVersion = 10.0.40219.1
Project("{8BC9CEB8-8B4A-11D0-8D11-00A0C91BC942}") = "백준 19582 200년간 폐관수련했더니 PS 최강자가 된 건에 대하여", "백준 19582 200년간 폐관수련했더니 PS 최강자가 된 건에 대하여\백준 19582 200년간 폐관수련했더니 PS 최강자가 된 건에 대하여.vcxproj", "{862A27B1-1ED1-4ECB-8F7E-0AEFE4A75AEF}"
EndProject
Global
	GlobalSection(SolutionConfigurationPlatforms) = preSolution
		Debug|x64 = Debug|x64
		Debug|x86 = Debug|x86
		Release|x64 = Release|x64
		Release|x86 = Release|x86
	EndGlobalSection
	GlobalSection(ProjectConfigurationPlatforms) = postSolution
		{862A27B1-1ED1-4ECB-8F7E-0AEFE4A75AEF}.Debug|x64.ActiveCfg = Debug|x64
		{862A27B1-1ED1-4ECB-8F7E-0AEFE4A75AEF}.Debug|x64.Build.0 = Debug|x64
		{862A27B1-1ED1-4ECB-8F7E-0AEFE4A75AEF}.Debug|x86.ActiveCfg = Debug|Win32
		{862A27B1-1ED1-4ECB-8F7E-0AEFE4A75AEF}.Debug|x86.Build.0 = Debug|Win32
		{862A27B1-1ED1-4ECB-8F7E-0AEFE4A75AEF}.Release|x64.ActiveCfg = Release|x64
		{862A27B1-1ED1-4ECB-8F7E-0AEFE4A75AEF}.Release|x64.Build.0 = Release|x64
		{862A27B1-1ED1-4ECB-8F7E-0AEFE4A75AEF}.Release|x86.ActiveCfg = Release|Win32
		{862A27B1-1ED1-4ECB-8F7E-0AEFE4A75AEF}.Release|x86.Build.0 = Release|Win32
	EndGlobalSection
	GlobalSection(SolutionProperties) = preSolution
		HideSolutionNode = FALSE
	EndGlobalSection
	GlobalSection(ExtensibilityGlobals) = postSolution
		SolutionGuid = {111ADD61-AE6E-4FE3-9156-657047F071CB}
	EndGlobalSection
EndGlobal
