
Microsoft Visual Studio Solution File, Format Version 12.00
# Visual Studio Version 16
VisualStudioVersion = 16.0.30717.126
MinimumVisualStudioVersion = 10.0.40219.1
Project("{8BC9CEB8-8B4A-11D0-8D11-00A0C91BC942}") = "백준 2225 합분해", "백준 2225 합분해\백준 2225 합분해.vcxproj", "{DE215595-7783-4DDF-B8E4-52CF95F11F00}"
EndProject
Global
	GlobalSection(SolutionConfigurationPlatforms) = preSolution
		Debug|x64 = Debug|x64
		Debug|x86 = Debug|x86
		Release|x64 = Release|x64
		Release|x86 = Release|x86
	EndGlobalSection
	GlobalSection(ProjectConfigurationPlatforms) = postSolution
		{DE215595-7783-4DDF-B8E4-52CF95F11F00}.Debug|x64.ActiveCfg = Debug|x64
		{DE215595-7783-4DDF-B8E4-52CF95F11F00}.Debug|x64.Build.0 = Debug|x64
		{DE215595-7783-4DDF-B8E4-52CF95F11F00}.Debug|x86.ActiveCfg = Debug|Win32
		{DE215595-7783-4DDF-B8E4-52CF95F11F00}.Debug|x86.Build.0 = Debug|Win32
		{DE215595-7783-4DDF-B8E4-52CF95F11F00}.Release|x64.ActiveCfg = Release|x64
		{DE215595-7783-4DDF-B8E4-52CF95F11F00}.Release|x64.Build.0 = Release|x64
		{DE215595-7783-4DDF-B8E4-52CF95F11F00}.Release|x86.ActiveCfg = Release|Win32
		{DE215595-7783-4DDF-B8E4-52CF95F11F00}.Release|x86.Build.0 = Release|Win32
	EndGlobalSection
	GlobalSection(SolutionProperties) = preSolution
		HideSolutionNode = FALSE
	EndGlobalSection
	GlobalSection(ExtensibilityGlobals) = postSolution
		SolutionGuid = {EF5E8721-D26F-4E8D-B2BC-4AC2C7FBB05D}
	EndGlobalSection
EndGlobal
